// !$*UTF8*$!
{
	archiveVersion = 1;
	classes = {
	};
	objectVersion = 56;
	objects = {

/* Begin PBXBuildFile section */
		092A82DA2BC0503100E41B88 /* ToDoListApp.swift in Sources */ = {isa = PBXBuildFile; fileRef = 092A82D92BC0503100E41B88 /* ToDoListApp.swift */; };
		092A82DC2BC0503100E41B88 /* MainView.swift in Sources */ = {isa = PBXBuildFile; fileRef = 092A82DB2BC0503100E41B88 /* MainView.swift */; };
		092A82DE2BC0503400E41B88 /* Assets.xcassets in Resources */ = {isa = PBXBuildFile; fileRef = 092A82DD2BC0503400E41B88 /* Assets.xcassets */; };
		092A82E12BC0503400E41B88 /* Preview Assets.xcassets in Resources */ = {isa = PBXBuildFile; fileRef = 092A82E02BC0503400E41B88 /* Preview Assets.xcassets */; };
		094F28232BD9848E000F88F4 /* Extensions.swift in Sources */ = {isa = PBXBuildFile; fileRef = 094F28222BD9848E000F88F4 /* Extensions.swift */; };
		09628F702BC054940021C281 /* FirebaseAuth in Frameworks */ = {isa = PBXBuildFile; productRef = 09628F6F2BC054940021C281 /* FirebaseAuth */; };
		09628F722BC054940021C281 /* FirebaseFirestore in Frameworks */ = {isa = PBXBuildFile; productRef = 09628F712BC054940021C281 /* FirebaseFirestore */; };
		09628F742BC054940021C281 /* FirebaseFirestoreSwift in Frameworks */ = {isa = PBXBuildFile; productRef = 09628F732BC054940021C281 /* FirebaseFirestoreSwift */; };
		09628F762BC0572E0021C281 /* GoogleService-Info.plist in Resources */ = {isa = PBXBuildFile; fileRef = 09628F752BC0572E0021C281 /* GoogleService-Info.plist */; };
		09628F7C2BC05C220021C281 /* ProfileView.swift in Sources */ = {isa = PBXBuildFile; fileRef = 09628F7B2BC05C220021C281 /* ProfileView.swift */; };
		09628F7E2BC05C340021C281 /* ToDoListView.swift in Sources */ = {isa = PBXBuildFile; fileRef = 09628F7D2BC05C340021C281 /* ToDoListView.swift */; };
		09628F802BC05C430021C281 /* NewItemView.swift in Sources */ = {isa = PBXBuildFile; fileRef = 09628F7F2BC05C430021C281 /* NewItemView.swift */; };
		09628F822BC05C4F0021C281 /* LoginView.swift in Sources */ = {isa = PBXBuildFile; fileRef = 09628F812BC05C4F0021C281 /* LoginView.swift */; };
		09628F842BC05C630021C281 /* RegisterView.swift in Sources */ = {isa = PBXBuildFile; fileRef = 09628F832BC05C630021C281 /* RegisterView.swift */; };
		09628F862BC05CBC0021C281 /* ToDoListItemView.swift in Sources */ = {isa = PBXBuildFile; fileRef = 09628F852BC05CBC0021C281 /* ToDoListItemView.swift */; };
		09628F892BC05D1C0021C281 /* User.swift in Sources */ = {isa = PBXBuildFile; fileRef = 09628F882BC05D1C0021C281 /* User.swift */; };
		09628F8B2BC05D350021C281 /* ToDoListItem.swift in Sources */ = {isa = PBXBuildFile; fileRef = 09628F8A2BC05D350021C281 /* ToDoListItem.swift */; };
		09628F8D2BC05D680021C281 /* MainViewViewModel.swift in Sources */ = {isa = PBXBuildFile; fileRef = 09628F8C2BC05D680021C281 /* MainViewViewModel.swift */; };
		09628F8F2BC05D810021C281 /* ProfileViewViewModel.swift in Sources */ = {isa = PBXBuildFile; fileRef = 09628F8E2BC05D810021C281 /* ProfileViewViewModel.swift */; };
		09628F912BC05DA10021C281 /* ToDoListViewViewModel.swift in Sources */ = {isa = PBXBuildFile; fileRef = 09628F902BC05DA10021C281 /* ToDoListViewViewModel.swift */; };
		09628F932BC05DB70021C281 /* NewItemViewViewModel.swift in Sources */ = {isa = PBXBuildFile; fileRef = 09628F922BC05DB70021C281 /* NewItemViewViewModel.swift */; };
		09628F952BC05DCE0021C281 /* LoginViewViewModel.swift in Sources */ = {isa = PBXBuildFile; fileRef = 09628F942BC05DCE0021C281 /* LoginViewViewModel.swift */; };
		09628F972BC05DE10021C281 /* RegisterViewViewModel.swift in Sources */ = {isa = PBXBuildFile; fileRef = 09628F962BC05DE10021C281 /* RegisterViewViewModel.swift */; };
		09628F992BC05E1C0021C281 /* ToDoListItemViewViewModel.swift in Sources */ = {isa = PBXBuildFile; fileRef = 09628F982BC05E1C0021C281 /* ToDoListItemViewViewModel.swift */; };
		09628F9B2BC065B70021C281 /* HeaderView.swift in Sources */ = {isa = PBXBuildFile; fileRef = 09628F9A2BC065B70021C281 /* HeaderView.swift */; };
		09628F9D2BC07C510021C281 /* TLButton.swift in Sources */ = {isa = PBXBuildFile; fileRef = 09628F9C2BC07C510021C281 /* TLButton.swift */; };
/* End PBXBuildFile section */

/* Begin PBXFileReference section */
		092A82D62BC0503100E41B88 /* ToDoList.app */ = {isa = PBXFileReference; explicitFileType = wrapper.application; includeInIndex = 0; path = ToDoList.app; sourceTree = BUILT_PRODUCTS_DIR; };
		092A82D92BC0503100E41B88 /* ToDoListApp.swift */ = {isa = PBXFileReference; lastKnownFileType = sourcecode.swift; path = ToDoListApp.swift; sourceTree = "<group>"; };
		092A82DB2BC0503100E41B88 /* MainView.swift */ = {isa = PBXFileReference; lastKnownFileType = sourcecode.swift; path = MainView.swift; sourceTree = "<group>"; };
		092A82DD2BC0503400E41B88 /* Assets.xcassets */ = {isa = PBXFileReference; lastKnownFileType = folder.assetcatalog; path = Assets.xcassets; sourceTree = "<group>"; };
		092A82E02BC0503400E41B88 /* Preview Assets.xcassets */ = {isa = PBXFileReference; lastKnownFileType = folder.assetcatalog; path = "Preview Assets.xcassets"; sourceTree = "<group>"; };
		094F28222BD9848E000F88F4 /* Extensions.swift */ = {isa = PBXFileReference; lastKnownFileType = sourcecode.swift; path = Extensions.swift; sourceTree = "<group>"; };
		09628F752BC0572E0021C281 /* GoogleService-Info.plist */ = {isa = PBXFileReference; fileEncoding = 4; lastKnownFileType = text.plist.xml; path = "GoogleService-Info.plist"; sourceTree = "<group>"; };
		09628F7B2BC05C220021C281 /* ProfileView.swift */ = {isa = PBXFileReference; lastKnownFileType = sourcecode.swift; path = ProfileView.swift; sourceTree = "<group>"; };
		09628F7D2BC05C340021C281 /* ToDoListView.swift */ = {isa = PBXFileReference; lastKnownFileType = sourcecode.swift; path = ToDoListView.swift; sourceTree = "<group>"; };
		09628F7F2BC05C430021C281 /* NewItemView.swift */ = {isa = PBXFileReference; lastKnownFileType = sourcecode.swift; path = NewItemView.swift; sourceTree = "<group>"; };
		09628F812BC05C4F0021C281 /* LoginView.swift */ = {isa = PBXFileReference; lastKnownFileType = sourcecode.swift; path = LoginView.swift; sourceTree = "<group>"; };
		09628F832BC05C630021C281 /* RegisterView.swift */ = {isa = PBXFileReference; lastKnownFileType = sourcecode.swift; path = RegisterView.swift; sourceTree = "<group>"; };
		09628F852BC05CBC0021C281 /* ToDoListItemView.swift */ = {isa = PBXFileReference; lastKnownFileType = sourcecode.swift; path = ToDoListItemView.swift; sourceTree = "<group>"; };
		09628F882BC05D1C0021C281 /* User.swift */ = {isa = PBXFileReference; lastKnownFileType = sourcecode.swift; path = User.swift; sourceTree = "<group>"; };
		09628F8A2BC05D350021C281 /* ToDoListItem.swift */ = {isa = PBXFileReference; lastKnownFileType = sourcecode.swift; path = ToDoListItem.swift; sourceTree = "<group>"; };
		09628F8C2BC05D680021C281 /* MainViewViewModel.swift */ = {isa = PBXFileReference; lastKnownFileType = sourcecode.swift; path = MainViewViewModel.swift; sourceTree = "<group>"; };
		09628F8E2BC05D810021C281 /* ProfileViewViewModel.swift */ = {isa = PBXFileReference; lastKnownFileType = sourcecode.swift; path = ProfileViewViewModel.swift; sourceTree = "<group>"; };
		09628F902BC05DA10021C281 /* ToDoListViewViewModel.swift */ = {isa = PBXFileReference; lastKnownFileType = sourcecode.swift; path = ToDoListViewViewModel.swift; sourceTree = "<group>"; };
		09628F922BC05DB70021C281 /* NewItemViewViewModel.swift */ = {isa = PBXFileReference; lastKnownFileType = sourcecode.swift; path = NewItemViewViewModel.swift; sourceTree = "<group>"; };
		09628F942BC05DCE0021C281 /* LoginViewViewModel.swift */ = {isa = PBXFileReference; lastKnownFileType = sourcecode.swift; path = LoginViewViewModel.swift; sourceTree = "<group>"; };
		09628F962BC05DE10021C281 /* RegisterViewViewModel.swift */ = {isa = PBXFileReference; lastKnownFileType = sourcecode.swift; path = RegisterViewViewModel.swift; sourceTree = "<group>"; };
		09628F982BC05E1C0021C281 /* ToDoListItemViewViewModel.swift */ = {isa = PBXFileReference; lastKnownFileType = sourcecode.swift; path = ToDoListItemViewViewModel.swift; sourceTree = "<group>"; };
		09628F9A2BC065B70021C281 /* HeaderView.swift */ = {isa = PBXFileReference; lastKnownFileType = sourcecode.swift; path = HeaderView.swift; sourceTree = "<group>"; };
		09628F9C2BC07C510021C281 /* TLButton.swift */ = {isa = PBXFileReference; lastKnownFileType = sourcecode.swift; path = TLButton.swift; sourceTree = "<group>"; };
/* End PBXFileReference section */

/* Begin PBXFrameworksBuildPhase section */
		092A82D32BC0503100E41B88 /* Frameworks */ = {
			isa = PBXFrameworksBuildPhase;
			buildActionMask = 2147483647;
			files = (
				09628F702BC054940021C281 /* FirebaseAuth in Frameworks */,
				09628F722BC054940021C281 /* FirebaseFirestore in Frameworks */,
				09628F742BC054940021C281 /* FirebaseFirestoreSwift in Frameworks */,
			);
			runOnlyForDeploymentPostprocessing = 0;
		};
/* End PBXFrameworksBuildPhase section */

/* Begin PBXGroup section */
		092A82CD2BC0503100E41B88 = {
			isa = PBXGroup;
			children = (
				092A82D82BC0503100E41B88 /* ToDoList */,
				092A82D72BC0503100E41B88 /* Products */,
			);
			sourceTree = "<group>";
		};
		092A82D72BC0503100E41B88 /* Products */ = {
			isa = PBXGroup;
			children = (
				092A82D62BC0503100E41B88 /* ToDoList.app */,
			);
			name = Products;
			sourceTree = "<group>";
		};
		092A82D82BC0503100E41B88 /* ToDoList */ = {
			isa = PBXGroup;
			children = (
				09628F7A2BC059400021C281 /* Other */,
				09628F792BC059240021C281 /* Models */,
				09628F782BC059190021C281 /* ViewModels */,
				09628F772BC059010021C281 /* Views */,
				092A82DF2BC0503400E41B88 /* Preview Content */,
			);
			path = ToDoList;
			sourceTree = "<group>";
		};
		092A82DF2BC0503400E41B88 /* Preview Content */ = {
			isa = PBXGroup;
			children = (
				092A82E02BC0503400E41B88 /* Preview Assets.xcassets */,
			);
			path = "Preview Content";
			sourceTree = "<group>";
		};
		09628F772BC059010021C281 /* Views */ = {
			isa = PBXGroup;
			children = (
				092A82DB2BC0503100E41B88 /* MainView.swift */,
				09628F7B2BC05C220021C281 /* ProfileView.swift */,
				09628F7D2BC05C340021C281 /* ToDoListView.swift */,
				09628F7F2BC05C430021C281 /* NewItemView.swift */,
				09628F812BC05C4F0021C281 /* LoginView.swift */,
				09628F832BC05C630021C281 /* RegisterView.swift */,
				09628F852BC05CBC0021C281 /* ToDoListItemView.swift */,
				09628F9A2BC065B70021C281 /* HeaderView.swift */,
				09628F9C2BC07C510021C281 /* TLButton.swift */,
			);
			path = Views;
			sourceTree = "<group>";
		};
		09628F782BC059190021C281 /* ViewModels */ = {
			isa = PBXGroup;
			children = (
				09628F8C2BC05D680021C281 /* MainViewViewModel.swift */,
				09628F8E2BC05D810021C281 /* ProfileViewViewModel.swift */,
				09628F922BC05DB70021C281 /* NewItemViewViewModel.swift */,
				09628F942BC05DCE0021C281 /* LoginViewViewModel.swift */,
				09628F962BC05DE10021C281 /* RegisterViewViewModel.swift */,
				09628F902BC05DA10021C281 /* ToDoListViewViewModel.swift */,
				09628F982BC05E1C0021C281 /* ToDoListItemViewViewModel.swift */,
			);
			path = ViewModels;
			sourceTree = "<group>";
		};
		09628F792BC059240021C281 /* Models */ = {
			isa = PBXGroup;
			children = (
				09628F882BC05D1C0021C281 /* User.swift */,
				09628F8A2BC05D350021C281 /* ToDoListItem.swift */,
			);
			path = Models;
			sourceTree = "<group>";
		};
		09628F7A2BC059400021C281 /* Other */ = {
			isa = PBXGroup;
			children = (
				09628F752BC0572E0021C281 /* GoogleService-Info.plist */,
				092A82D92BC0503100E41B88 /* ToDoListApp.swift */,
				092A82DD2BC0503400E41B88 /* Assets.xcassets */,
				094F28222BD9848E000F88F4 /* Extensions.swift */,
			);
			path = Other;
			sourceTree = "<group>";
		};
/* End PBXGroup section */

/* Begin PBXNativeTarget section */
		092A82D52BC0503100E41B88 /* ToDoList */ = {
			isa = PBXNativeTarget;
			buildConfigurationList = 092A82E42BC0503400E41B88 /* Build configuration list for PBXNativeTarget "ToDoList" */;
			buildPhases = (
				092A82D22BC0503100E41B88 /* Sources */,
				092A82D32BC0503100E41B88 /* Frameworks */,
				092A82D42BC0503100E41B88 /* Resources */,
			);
			buildRules = (
			);
			dependencies = (
			);
			name = ToDoList;
			packageProductDependencies = (
				09628F6F2BC054940021C281 /* FirebaseAuth */,
				09628F712BC054940021C281 /* FirebaseFirestore */,
				09628F732BC054940021C281 /* FirebaseFirestoreSwift */,
			);
			productName = ToDoList;
			productReference = 092A82D62BC0503100E41B88 /* ToDoList.app */;
			productType = "com.apple.product-type.application";
		};
/* End PBXNativeTarget section */

/* Begin PBXProject section */
		092A82CE2BC0503100E41B88 /* Project object */ = {
			isa = PBXProject;
			attributes = {
				BuildIndependentTargetsInParallel = 1;
				LastSwiftUpdateCheck = 1530;
				LastUpgradeCheck = 1530;
				TargetAttributes = {
					092A82D52BC0503100E41B88 = {
						CreatedOnToolsVersion = 15.3;
					};
				};
			};
			buildConfigurationList = 092A82D12BC0503100E41B88 /* Build configuration list for PBXProject "ToDoList" */;
			compatibilityVersion = "Xcode 14.0";
			developmentRegion = en;
			hasScannedForEncodings = 0;
			knownRegions = (
				en,
				Base,
			);
			mainGroup = 092A82CD2BC0503100E41B88;
			packageReferences = (
				09628F6E2BC054940021C281 /* XCRemoteSwiftPackageReference "firebase-ios-sdk" */,
			);
			productRefGroup = 092A82D72BC0503100E41B88 /* Products */;
			projectDirPath = "";
			projectRoot = "";
			targets = (
				092A82D52BC0503100E41B88 /* ToDoList */,
			);
		};
/* End PBXProject section */

/* Begin PBXResourcesBuildPhase section */
		092A82D42BC0503100E41B88 /* Resources */ = {
			isa = PBXResourcesBuildPhase;
			buildActionMask = 2147483647;
			files = (
				092A82E12BC0503400E41B88 /* Preview Assets.xcassets in Resources */,
				092A82DE2BC0503400E41B88 /* Assets.xcassets in Resources */,
				09628F762BC0572E0021C281 /* GoogleService-Info.plist in Resources */,
			);
			runOnlyForDeploymentPostprocessing = 0;
		};
/* End PBXResourcesBuildPhase section */

/* Begin PBXSourcesBuildPhase section */
		092A82D22BC0503100E41B88 /* Sources */ = {
			isa = PBXSourcesBuildPhase;
			buildActionMask = 2147483647;
			files = (
				09628F822BC05C4F0021C281 /* LoginView.swift in Sources */,
				09628F9B2BC065B70021C281 /* HeaderView.swift in Sources */,
				092A82DC2BC0503100E41B88 /* MainView.swift in Sources */,
				09628F972BC05DE10021C281 /* RegisterViewViewModel.swift in Sources */,
				09628F8D2BC05D680021C281 /* MainViewViewModel.swift in Sources */,
				09628F802BC05C430021C281 /* NewItemView.swift in Sources */,
				09628F842BC05C630021C281 /* RegisterView.swift in Sources */,
				09628F9D2BC07C510021C281 /* TLButton.swift in Sources */,
				09628F8F2BC05D810021C281 /* ProfileViewViewModel.swift in Sources */,
				09628F7E2BC05C340021C281 /* ToDoListView.swift in Sources */,
				09628F892BC05D1C0021C281 /* User.swift in Sources */,
				09628F862BC05CBC0021C281 /* ToDoListItemView.swift in Sources */,
				09628F912BC05DA10021C281 /* ToDoListViewViewModel.swift in Sources */,
				09628F952BC05DCE0021C281 /* LoginViewViewModel.swift in Sources */,
				09628F7C2BC05C220021C281 /* ProfileView.swift in Sources */,
				094F28232BD9848E000F88F4 /* Extensions.swift in Sources */,
				09628F8B2BC05D350021C281 /* ToDoListItem.swift in Sources */,
				092A82DA2BC0503100E41B88 /* ToDoListApp.swift in Sources */,
				09628F932BC05DB70021C281 /* NewItemViewViewModel.swift in Sources */,
				09628F992BC05E1C0021C281 /* ToDoListItemViewViewModel.swift in Sources */,
			);
			runOnlyForDeploymentPostprocessing = 0;
		};
/* End PBXSourcesBuildPhase section */

/* Begin XCBuildConfiguration section */
		092A82E22BC0503400E41B88 /* Debug */ = {
			isa = XCBuildConfiguration;
			buildSettings = {
				ALWAYS_SEARCH_USER_PATHS = NO;
				ASSETCATALOG_COMPILER_GENERATE_SWIFT_ASSET_SYMBOL_EXTENSIONS = YES;
				CLANG_ANALYZER_NONNULL = YES;
				CLANG_ANALYZER_NUMBER_OBJECT_CONVERSION = YES_AGGRESSIVE;
				CLANG_CXX_LANGUAGE_STANDARD = "gnu++20";
				CLANG_ENABLE_MODULES = YES;
				CLANG_ENABLE_OBJC_ARC = YES;
				CLANG_ENABLE_OBJC_WEAK = YES;
				CLANG_WARN_BLOCK_CAPTURE_AUTORELEASING = YES;
				CLANG_WARN_BOOL_CONVERSION = YES;
				CLANG_WARN_COMMA = YES;
				CLANG_WARN_CONSTANT_CONVERSION = YES;
				CLANG_WARN_DEPRECATED_OBJC_IMPLEMENTATIONS = YES;
				CLANG_WARN_DIRECT_OBJC_ISA_USAGE = YES_ERROR;
				CLANG_WARN_DOCUMENTATION_COMMENTS = YES;
				CLANG_WARN_EMPTY_BODY = YES;
				CLANG_WARN_ENUM_CONVERSION = YES;
				CLANG_WARN_INFINITE_RECURSION = YES;
				CLANG_WARN_INT_CONVERSION = YES;
				CLANG_WARN_NON_LITERAL_NULL_CONVERSION = YES;
				CLANG_WARN_OBJC_IMPLICIT_RETAIN_SELF = YES;
				CLANG_WARN_OBJC_LITERAL_CONVERSION = YES;
				CLANG_WARN_OBJC_ROOT_CLASS = YES_ERROR;
				CLANG_WARN_QUOTED_INCLUDE_IN_FRAMEWORK_HEADER = YES;
				CLANG_WARN_RANGE_LOOP_ANALYSIS = YES;
				CLANG_WARN_STRICT_PROTOTYPES = YES;
				CLANG_WARN_SUSPICIOUS_MOVE = YES;
				CLANG_WARN_UNGUARDED_AVAILABILITY = YES_AGGRESSIVE;
				CLANG_WARN_UNREACHABLE_CODE = YES;
				CLANG_WARN__DUPLICATE_METHOD_MATCH = YES;
				COPY_PHASE_STRIP = NO;
				DEBUG_INFORMATION_FORMAT = dwarf;
				ENABLE_STRICT_OBJC_MSGSEND = YES;
				ENABLE_TESTABILITY = YES;
				ENABLE_USER_SCRIPT_SANDBOXING = YES;
				GCC_C_LANGUAGE_STANDARD = gnu17;
				GCC_DYNAMIC_NO_PIC = NO;
				GCC_NO_COMMON_BLOCKS = YES;
				GCC_OPTIMIZATION_LEVEL = 0;
				GCC_PREPROCESSOR_DEFINITIONS = (
					"DEBUG=1",
					"$(inherited)",
				);
				GCC_WARN_64_TO_32_BIT_CONVERSION = YES;
				GCC_WARN_ABOUT_RETURN_TYPE = YES_ERROR;
				GCC_WARN_UNDECLARED_SELECTOR = YES;
				GCC_WARN_UNINITIALIZED_AUTOS = YES_AGGRESSIVE;
				GCC_WARN_UNUSED_FUNCTION = YES;
				GCC_WARN_UNUSED_VARIABLE = YES;
				IPHONEOS_DEPLOYMENT_TARGET = 17.4;
				LOCALIZATION_PREFERS_STRING_CATALOGS = YES;
				MTL_ENABLE_DEBUG_INFO = INCLUDE_SOURCE;
				MTL_FAST_MATH = YES;
				ONLY_ACTIVE_ARCH = YES;
				SDKROOT = iphoneos;
				SWIFT_ACTIVE_COMPILATION_CONDITIONS = "DEBUG $(inherited)";
				SWIFT_OPTIMIZATION_LEVEL = "-Onone";
			};
			name = Debug;
		};
		092A82E32BC0503400E41B88 /* Release */ = {
			isa = XCBuildConfiguration;
			buildSettings = {
				ALWAYS_SEARCH_USER_PATHS = NO;
				ASSETCATALOG_COMPILER_GENERATE_SWIFT_ASSET_SYMBOL_EXTENSIONS = YES;
				CLANG_ANALYZER_NONNULL = YES;
				CLANG_ANALYZER_NUMBER_OBJECT_CONVERSION = YES_AGGRESSIVE;
				CLANG_CXX_LANGUAGE_STANDARD = "gnu++20";
				CLANG_ENABLE_MODULES = YES;
				CLANG_ENABLE_OBJC_ARC = YES;
				CLANG_ENABLE_OBJC_WEAK = YES;
				CLANG_WARN_BLOCK_CAPTURE_AUTORELEASING = YES;
				CLANG_WARN_BOOL_CONVERSION = YES;
				CLANG_WARN_COMMA = YES;
				CLANG_WARN_CONSTANT_CONVERSION = YES;
				CLANG_WARN_DEPRECATED_OBJC_IMPLEMENTATIONS = YES;
				CLANG_WARN_DIRECT_OBJC_ISA_USAGE = YES_ERROR;
				CLANG_WARN_DOCUMENTATION_COMMENTS = YES;
				CLANG_WARN_EMPTY_BODY = YES;
				CLANG_WARN_ENUM_CONVERSION = YES;
				CLANG_WARN_INFINITE_RECURSION = YES;
				CLANG_WARN_INT_CONVERSION = YES;
				CLANG_WARN_NON_LITERAL_NULL_CONVERSION = YES;
				CLANG_WARN_OBJC_IMPLICIT_RETAIN_SELF = YES;
				CLANG_WARN_OBJC_LITERAL_CONVERSION = YES;
				CLANG_WARN_OBJC_ROOT_CLASS = YES_ERROR;
				CLANG_WARN_QUOTED_INCLUDE_IN_FRAMEWORK_HEADER = YES;
				CLANG_WARN_RANGE_LOOP_ANALYSIS = YES;
				CLANG_WARN_STRICT_PROTOTYPES = YES;
				CLANG_WARN_SUSPICIOUS_MOVE = YES;
				CLANG_WARN_UNGUARDED_AVAILABILITY = YES_AGGRESSIVE;
				CLANG_WARN_UNREACHABLE_CODE = YES;
				CLANG_WARN__DUPLICATE_METHOD_MATCH = YES;
				COPY_PHASE_STRIP = NO;
				DEBUG_INFORMATION_FORMAT = "dwarf-with-dsym";
				ENABLE_NS_ASSERTIONS = NO;
				ENABLE_STRICT_OBJC_MSGSEND = YES;
				ENABLE_USER_SCRIPT_SANDBOXING = YES;
				GCC_C_LANGUAGE_STANDARD = gnu17;
				GCC_NO_COMMON_BLOCKS = YES;
				GCC_WARN_64_TO_32_BIT_CONVERSION = YES;
				GCC_WARN_ABOUT_RETURN_TYPE = YES_ERROR;
				GCC_WARN_UNDECLARED_SELECTOR = YES;
				GCC_WARN_UNINITIALIZED_AUTOS = YES_AGGRESSIVE;
				GCC_WARN_UNUSED_FUNCTION = YES;
				GCC_WARN_UNUSED_VARIABLE = YES;
				IPHONEOS_DEPLOYMENT_TARGET = 17.4;
				LOCALIZATION_PREFERS_STRING_CATALOGS = YES;
				MTL_ENABLE_DEBUG_INFO = NO;
				MTL_FAST_MATH = YES;
				SDKROOT = iphoneos;
				SWIFT_COMPILATION_MODE = wholemodule;
				VALIDATE_PRODUCT = YES;
			};
			name = Release;
		};
		092A82E52BC0503400E41B88 /* Debug */ = {
			isa = XCBuildConfiguration;
			buildSettings = {
				ASSETCATALOG_COMPILER_APPICON_NAME = AppIcon;
				ASSETCATALOG_COMPILER_GLOBAL_ACCENT_COLOR_NAME = AccentColor;
				CODE_SIGN_STYLE = Automatic;
				CURRENT_PROJECT_VERSION = 1;
				DEVELOPMENT_ASSET_PATHS = "\"ToDoList/Preview Content\"";
				ENABLE_PREVIEWS = YES;
				GENERATE_INFOPLIST_FILE = YES;
				INFOPLIST_KEY_CFBundleDisplayName = "To Do List";
				INFOPLIST_KEY_UIApplicationSceneManifest_Generation = YES;
				INFOPLIST_KEY_UIApplicationSupportsIndirectInputEvents = YES;
				INFOPLIST_KEY_UILaunchScreen_Generation = YES;
				INFOPLIST_KEY_UISupportedInterfaceOrientations = UIInterfaceOrientationPortrait;
				LD_RUNPATH_SEARCH_PATHS = (
					"$(inherited)",
					"@executable_path/Frameworks",
				);
				MARKETING_VERSION = 1.0;
				PRODUCT_BUNDLE_IDENTIFIER = TestIOS.ToDoList;
				PRODUCT_NAME = "$(TARGET_NAME)";
				SWIFT_EMIT_LOC_STRINGS = YES;
				SWIFT_VERSION = 5.0;
				TARGETED_DEVICE_FAMILY = "1,2";
			};
			name = Debug;
		};
		092A82E62BC0503400E41B88 /* Release */ = {
			isa = XCBuildConfiguration;
			buildSettings = {
				ASSETCATALOG_COMPILER_APPICON_NAME = AppIcon;
				ASSETCATALOG_COMPILER_GLOBAL_ACCENT_COLOR_NAME = AccentColor;
				CODE_SIGN_STYLE = Automatic;
				CURRENT_PROJECT_VERSION = 1;
				DEVELOPMENT_ASSET_PATHS = "\"ToDoList/Preview Content\"";
				ENABLE_PREVIEWS = YES;
				GENERATE_INFOPLIST_FILE = YES;
				INFOPLIST_KEY_CFBundleDisplayName = "To Do List";
				INFOPLIST_KEY_UIApplicationSceneManifest_Generation = YES;
				INFOPLIST_KEY_UIApplicationSupportsIndirectInputEvents = YES;
				INFOPLIST_KEY_UILaunchScreen_Generation = YES;
				INFOPLIST_KEY_UISupportedInterfaceOrientations = UIInterfaceOrientationPortrait;
				LD_RUNPATH_SEARCH_PATHS = (
					"$(inherited)",
					"@executable_path/Frameworks",
				);
				MARKETING_VERSION = 1.0;
				PRODUCT_BUNDLE_IDENTIFIER = TestIOS.ToDoList;
				PRODUCT_NAME = "$(TARGET_NAME)";
				SWIFT_EMIT_LOC_STRINGS = YES;
				SWIFT_VERSION = 5.0;
				TARGETED_DEVICE_FAMILY = "1,2";
			};
			name = Release;
		};
/* End XCBuildConfiguration section */

/* Begin XCConfigurationList section */
		092A82D12BC0503100E41B88 /* Build configuration list for PBXProject "ToDoList" */ = {
			isa = XCConfigurationList;
			buildConfigurations = (
				092A82E22BC0503400E41B88 /* Debug */,
				092A82E32BC0503400E41B88 /* Release */,
			);
			defaultConfigurationIsVisible = 0;
			defaultConfigurationName = Release;
		};
		092A82E42BC0503400E41B88 /* Build configuration list for PBXNativeTarget "ToDoList" */ = {
			isa = XCConfigurationList;
			buildConfigurations = (
				092A82E52BC0503400E41B88 /* Debug */,
				092A82E62BC0503400E41B88 /* Release */,
			);
			defaultConfigurationIsVisible = 0;
			defaultConfigurationName = Release;
		};
/* End XCConfigurationList section */

/* Begin XCRemoteSwiftPackageReference section */
		09628F6E2BC054940021C281 /* XCRemoteSwiftPackageReference "firebase-ios-sdk" */ = {
			isa = XCRemoteSwiftPackageReference;
			repositoryURL = "https://github.com/firebase/firebase-ios-sdk";
			requirement = {
				kind = upToNextMajorVersion;
				minimumVersion = 10.23.1;
			};
		};
/* End XCRemoteSwiftPackageReference section */

/* Begin XCSwiftPackageProductDependency section */
		09628F6F2BC054940021C281 /* FirebaseAuth */ = {
			isa = XCSwiftPackageProductDependency;
			package = 09628F6E2BC054940021C281 /* XCRemoteSwiftPackageReference "firebase-ios-sdk" */;
			productName = FirebaseAuth;
		};
		09628F712BC054940021C281 /* FirebaseFirestore */ = {
			isa = XCSwiftPackageProductDependency;
			package = 09628F6E2BC054940021C281 /* XCRemoteSwiftPackageReference "firebase-ios-sdk" */;
			productName = FirebaseFirestore;
		};
		09628F732BC054940021C281 /* FirebaseFirestoreSwift */ = {
			isa = XCSwiftPackageProductDependency;
			package = 09628F6E2BC054940021C281 /* XCRemoteSwiftPackageReference "firebase-ios-sdk" */;
			productName = FirebaseFirestoreSwift;
		};
/* End XCSwiftPackageProductDependency section */
	};
	rootObject = 092A82CE2BC0503100E41B88 /* Project object */;
}
